
Microsoft Visual Studio Solution File, Format Version 12.00
# Visual Studio 2012
Project("{FAE04EC0-301F-11D3-BF4B-00C04F79EFBC}") = "SimpleDownloadServer", "SimpleDownloadServer.csproj", "{40C74DAE-411B-482E-98F1-D83749537F09}"
EndProject
Global
	GlobalSection(SolutionConfigurationPlatforms) = preSolution
		Debug|Any CPU = Debug|Any CPU
		Release|Any CPU = Release|Any CPU
	EndGlobalSection
	GlobalSection(ProjectConfigurationPlatforms) = postSolution
		{40C74DAE-411B-482E-98F1-D83749537F09}.Debug|Any CPU.ActiveCfg = Debug|Any CPU
		{40C74DAE-411B-482E-98F1-D83749537F09}.Debug|Any CPU.Build.0 = Debug|Any CPU
		{40C74DAE-411B-482E-98F1-D83749537F09}.Release|Any CPU.ActiveCfg = Release|Any CPU
		{40C74DAE-411B-482E-98F1-D83749537F09}.Release|Any CPU.Build.0 = Release|Any CPU
	EndGlobalSection
EndGlobal
